// !$*UTF8*$!
{
	archiveVersion = 1;
	classes = {
	};
	objectVersion = 50;
	objects = {

/* Begin PBXBuildFile section */
		398B87AF23940D2B007BE87F /* AppDelegate.swift in Sources */ = {isa = PBXBuildFile; fileRef = 398B87AE23940D2B007BE87F /* AppDelegate.swift */; };
		398B87B123940D2B007BE87F /* SceneDelegate.swift in Sources */ = {isa = PBXBuildFile; fileRef = 398B87B023940D2B007BE87F /* SceneDelegate.swift */; };
		398B87B323940D2B007BE87F /* ViewController.swift in Sources */ = {isa = PBXBuildFile; fileRef = 398B87B223940D2B007BE87F /* ViewController.swift */; };
		398B87B623940D2B007BE87F /* Main.storyboard in Resources */ = {isa = PBXBuildFile; fileRef = 398B87B423940D2B007BE87F /* Main.storyboard */; };
		398B87B823940D2E007BE87F /* Assets.xcassets in Resources */ = {isa = PBXBuildFile; fileRef = 398B87B723940D2E007BE87F /* Assets.xcassets */; };
		398B87BB23940D2E007BE87F /* LaunchScreen.storyboard in Resources */ = {isa = PBXBuildFile; fileRef = 398B87B923940D2E007BE87F /* LaunchScreen.storyboard */; };
		398B87C623940D2F007BE87F /* CalculatorTests.swift in Sources */ = {isa = PBXBuildFile; fileRef = 398B87C523940D2F007BE87F /* CalculatorTests.swift */; };
		398B87D123940D2F007BE87F /* CalculatorUITests.swift in Sources */ = {isa = PBXBuildFile; fileRef = 398B87D023940D2F007BE87F /* CalculatorUITests.swift */; };
/* End PBXBuildFile section */

/* Begin PBXContainerItemProxy section */
		398B87C223940D2F007BE87F /* PBXContainerItemProxy */ = {
			isa = PBXContainerItemProxy;
			containerPortal = 398B87A323940D2B007BE87F /* Project object */;
			proxyType = 1;
			remoteGlobalIDString = 398B87AA23940D2B007BE87F;
			remoteInfo = Calculator;
		};
		398B87CD23940D2F007BE87F /* PBXContainerItemProxy */ = {
			isa = PBXContainerItemProxy;
			containerPortal = 398B87A323940D2B007BE87F /* Project object */;
			proxyType = 1;
			remoteGlobalIDString = 398B87AA23940D2B007BE87F;
			remoteInfo = Calculator;
		};
/* End PBXContainerItemProxy section */

/* Begin PBXFileReference section */
		398B87AB23940D2B007BE87F /* Calculator.app */ = {isa = PBXFileReference; explicitFileType = wrapper.application; includeInIndex = 0; path = Calculator.app; sourceTree = BUILT_PRODUCTS_DIR; };
		398B87AE23940D2B007BE87F /* AppDelegate.swift */ = {isa = PBXFileReference; lastKnownFileType = sourcecode.swift; path = AppDelegate.swift; sourceTree = "<group>"; };
		398B87B023940D2B007BE87F /* SceneDelegate.swift */ = {isa = PBXFileReference; lastKnownFileType = sourcecode.swift; path = SceneDelegate.swift; sourceTree = "<group>"; };
		398B87B223940D2B007BE87F /* ViewController.swift */ = {isa = PBXFileReference; lastKnownFileType = sourcecode.swift; path = ViewController.swift; sourceTree = "<group>"; };
		398B87B523940D2B007BE87F /* Base */ = {isa = PBXFileReference; lastKnownFileType = file.storyboard; name = Base; path = Base.lproj/Main.storyboard; sourceTree = "<group>"; };
		398B87B723940D2E007BE87F /* Assets.xcassets */ = {isa = PBXFileReference; lastKnownFileType = folder.assetcatalog; path = Assets.xcassets; sourceTree = "<group>"; };
		398B87BA23940D2E007BE87F /* Base */ = {isa = PBXFileReference; lastKnownFileType = file.storyboard; name = Base; path = Base.lproj/LaunchScreen.storyboard; sourceTree = "<group>"; };
		398B87BC23940D2E007BE87F /* Info.plist */ = {isa = PBXFileReference; lastKnownFileType = text.plist.xml; path = Info.plist; sourceTree = "<group>"; };
		398B87C123940D2F007BE87F /* CalculatorTests.xctest */ = {isa = PBXFileReference; explicitFileType = wrapper.cfbundle; includeInIndex = 0; path = CalculatorTests.xctest; sourceTree = BUILT_PRODUCTS_DIR; };
		398B87C523940D2F007BE87F /* CalculatorTests.swift */ = {isa = PBXFileReference; lastKnownFileType = sourcecode.swift; path = CalculatorTests.swift; sourceTree = "<group>"; };
		398B87C723940D2F007BE87F /* Info.plist */ = {isa = PBXFileReference; lastKnownFileType = text.plist.xml; path = Info.plist; sourceTree = "<group>"; };
		398B87CC23940D2F007BE87F /* CalculatorUITests.xctest */ = {isa = PBXFileReference; explicitFileType = wrapper.cfbundle; includeInIndex = 0; path = CalculatorUITests.xctest; sourceTree = BUILT_PRODUCTS_DIR; };
		398B87D023940D2F007BE87F /* CalculatorUITests.swift */ = {isa = PBXFileReference; lastKnownFileType = sourcecode.swift; path = CalculatorUITests.swift; sourceTree = "<group>"; };
		398B87D223940D2F007BE87F /* Info.plist */ = {isa = PBXFileReference; lastKnownFileType = text.plist.xml; path = Info.plist; sourceTree = "<group>"; };
/* End PBXFileReference section */

/* Begin PBXFrameworksBuildPhase section */
		398B87A823940D2B007BE87F /* Frameworks */ = {
			isa = PBXFrameworksBuildPhase;
			buildActionMask = 2147483647;
			files = (
			);
			runOnlyForDeploymentPostprocessing = 0;
		};
		398B87BE23940D2F007BE87F /* Frameworks */ = {
			isa = PBXFrameworksBuildPhase;
			buildActionMask = 2147483647;
			files = (
			);
			runOnlyForDeploymentPostprocessing = 0;
		};
		398B87C923940D2F007BE87F /* Frameworks */ = {
			isa = PBXFrameworksBuildPhase;
			buildActionMask = 2147483647;
			files = (
			);
			runOnlyForDeploymentPostprocessing = 0;
		};
/* End PBXFrameworksBuildPhase section */

/* Begin PBXGroup section */
		398B87A223940D2B007BE87F = {
			isa = PBXGroup;
			children = (
				398B87AD23940D2B007BE87F /* Calculator */,
				398B87C423940D2F007BE87F /* CalculatorTests */,
				398B87CF23940D2F007BE87F /* CalculatorUITests */,
				398B87AC23940D2B007BE87F /* Products */,
			);
			sourceTree = "<group>";
		};
		398B87AC23940D2B007BE87F /* Products */ = {
			isa = PBXGroup;
			children = (
				398B87AB23940D2B007BE87F /* Calculator.app */,
				398B87C123940D2F007BE87F /* CalculatorTests.xctest */,
				398B87CC23940D2F007BE87F /* CalculatorUITests.xctest */,
			);
			name = Products;
			sourceTree = "<group>";
		};
		398B87AD23940D2B007BE87F /* Calculator */ = {
			isa = PBXGroup;
			children = (
				398B87AE23940D2B007BE87F /* AppDelegate.swift */,
				398B87B023940D2B007BE87F /* SceneDelegate.swift */,
				398B87B223940D2B007BE87F /* ViewController.swift */,
				398B87B423940D2B007BE87F /* Main.storyboard */,
				398B87B723940D2E007BE87F /* Assets.xcassets */,
				398B87B923940D2E007BE87F /* LaunchScreen.storyboard */,
				398B87BC23940D2E007BE87F /* Info.plist */,
			);
			path = Calculator;
			sourceTree = "<group>";
		};
		398B87C423940D2F007BE87F /* CalculatorTests */ = {
			isa = PBXGroup;
			children = (
				398B87C523940D2F007BE87F /* CalculatorTests.swift */,
				398B87C723940D2F007BE87F /* Info.plist */,
			);
			path = CalculatorTests;
			sourceTree = "<group>";
		};
		398B87CF23940D2F007BE87F /* CalculatorUITests */ = {
			isa = PBXGroup;
			children = (
				398B87D023940D2F007BE87F /* CalculatorUITests.swift */,
				398B87D223940D2F007BE87F /* Info.plist */,
			);
			path = CalculatorUITests;
			sourceTree = "<group>";
		};
/* End PBXGroup section */

/* Begin PBXNativeTarget section */
		398B87AA23940D2B007BE87F /* Calculator */ = {
			isa = PBXNativeTarget;
			buildConfigurationList = 398B87D523940D2F007BE87F /* Build configuration list for PBXNativeTarget "Calculator" */;
			buildPhases = (
				398B87A723940D2B007BE87F /* Sources */,
				398B87A823940D2B007BE87F /* Frameworks */,
				398B87A923940D2B007BE87F /* Resources */,
			);
			buildRules = (
			);
			dependencies = (
			);
			name = Calculator;
			productName = Calculator;
			productReference = 398B87AB23940D2B007BE87F /* Calculator.app */;
			productType = "com.apple.product-type.application";
		};
		398B87C023940D2F007BE87F /* CalculatorTests */ = {
			isa = PBXNativeTarget;
			buildConfigurationList = 398B87D823940D2F007BE87F /* Build configuration list for PBXNativeTarget "CalculatorTests" */;
			buildPhases = (
				398B87BD23940D2F007BE87F /* Sources */,
				398B87BE23940D2F007BE87F /* Frameworks */,
				398B87BF23940D2F007BE87F /* Resources */,
			);
			buildRules = (
			);
			dependencies = (
				398B87C323940D2F007BE87F /* PBXTargetDependency */,
			);
			name = CalculatorTests;
			productName = CalculatorTests;
			productReference = 398B87C123940D2F007BE87F /* CalculatorTests.xctest */;
			productType = "com.apple.product-type.bundle.unit-test";
		};
		398B87CB23940D2F007BE87F /* CalculatorUITests */ = {
			isa = PBXNativeTarget;
			buildConfigurationList = 398B87DB23940D2F007BE87F /* Build configuration list for PBXNativeTarget "CalculatorUITests" */;
			buildPhases = (
				398B87C823940D2F007BE87F /* Sources */,
				398B87C923940D2F007BE87F /* Frameworks */,
				398B87CA23940D2F007BE87F /* Resources */,
			);
			buildRules = (
			);
			dependencies = (
				398B87CE23940D2F007BE87F /* PBXTargetDependency */,
			);
			name = CalculatorUITests;
			productName = CalculatorUITests;
			productReference = 398B87CC23940D2F007BE87F /* CalculatorUITests.xctest */;
			productType = "com.apple.product-type.bundle.ui-testing";
		};
/* End PBXNativeTarget section */

/* Begin PBXProject section */
		398B87A323940D2B007BE87F /* Project object */ = {
			isa = PBXProject;
			attributes = {
				LastSwiftUpdateCheck = 1120;
				LastUpgradeCheck = 1120;
				ORGANIZATIONNAME = uptop;
				TargetAttributes = {
					398B87AA23940D2B007BE87F = {
						CreatedOnToolsVersion = 11.2.1;
					};
					398B87C023940D2F007BE87F = {
						CreatedOnToolsVersion = 11.2.1;
						TestTargetID = 398B87AA23940D2B007BE87F;
					};
					398B87CB23940D2F007BE87F = {
						CreatedOnToolsVersion = 11.2.1;
						TestTargetID = 398B87AA23940D2B007BE87F;
					};
				};
			};
			buildConfigurationList = 398B87A623940D2B007BE87F /* Build configuration list for PBXProject "Calculator" */;
			compatibilityVersion = "Xcode 9.3";
			developmentRegion = en;
			hasScannedForEncodings = 0;
			knownRegions = (
				en,
				Base,
			);
			mainGroup = 398B87A223940D2B007BE87F;
			productRefGroup = 398B87AC23940D2B007BE87F /* Products */;
			projectDirPath = "";
			projectRoot = "";
			targets = (
				398B87AA23940D2B007BE87F /* Calculator */,
				398B87C023940D2F007BE87F /* CalculatorTests */,
				398B87CB23940D2F007BE87F /* CalculatorUITests */,
			);
		};
/* End PBXProject section */

/* Begin PBXResourcesBuildPhase section */
		398B87A923940D2B007BE87F /* Resources */ = {
			isa = PBXResourcesBuildPhase;
			buildActionMask = 2147483647;
			files = (
				398B87BB23940D2E007BE87F /* LaunchScreen.storyboard in Resources */,
				398B87B823940D2E007BE87F /* Assets.xcassets in Resources */,
				398B87B623940D2B007BE87F /* Main.storyboard in Resources */,
			);
			runOnlyForDeploymentPostprocessing = 0;
		};
		398B87BF23940D2F007BE87F /* Resources */ = {
			isa = PBXResourcesBuildPhase;
			buildActionMask = 2147483647;
			files = (
			);
			runOnlyForDeploymentPostprocessing = 0;
		};
		398B87CA23940D2F007BE87F /* Resources */ = {
			isa = PBXResourcesBuildPhase;
			buildActionMask = 2147483647;
			files = (
			);
			runOnlyForDeploymentPostprocessing = 0;
		};
/* End PBXResourcesBuildPhase section */

/* Begin PBXSourcesBuildPhase section */
		398B87A723940D2B007BE87F /* Sources */ = {
			isa = PBXSourcesBuildPhase;
			buildActionMask = 2147483647;
			files = (
				398B87B323940D2B007BE87F /* ViewController.swift in Sources */,
				398B87AF23940D2B007BE87F /* AppDelegate.swift in Sources */,
				398B87B123940D2B007BE87F /* SceneDelegate.swift in Sources */,
			);
			runOnlyForDeploymentPostprocessing = 0;
		};
		398B87BD23940D2F007BE87F /* Sources */ = {
			isa = PBXSourcesBuildPhase;
			buildActionMask = 2147483647;
			files = (
				398B87C623940D2F007BE87F /* CalculatorTests.swift in Sources */,
			);
			runOnlyForDeploymentPostprocessing = 0;
		};
		398B87C823940D2F007BE87F /* Sources */ = {
			isa = PBXSourcesBuildPhase;
			buildActionMask = 2147483647;
			files = (
				398B87D123940D2F007BE87F /* CalculatorUITests.swift in Sources */,
			);
			runOnlyForDeploymentPostprocessing = 0;
		};
/* End PBXSourcesBuildPhase section */

/* Begin PBXTargetDependency section */
		398B87C323940D2F007BE87F /* PBXTargetDependency */ = {
			isa = PBXTargetDependency;
			target = 398B87AA23940D2B007BE87F /* Calculator */;
			targetProxy = 398B87C223940D2F007BE87F /* PBXContainerItemProxy */;
		};
		398B87CE23940D2F007BE87F /* PBXTargetDependency */ = {
			isa = PBXTargetDependency;
			target = 398B87AA23940D2B007BE87F /* Calculator */;
			targetProxy = 398B87CD23940D2F007BE87F /* PBXContainerItemProxy */;
		};
/* End PBXTargetDependency section */

/* Begin PBXVariantGroup section */
		398B87B423940D2B007BE87F /* Main.storyboard */ = {
			isa = PBXVariantGroup;
			children = (
				398B87B523940D2B007BE87F /* Base */,
			);
			name = Main.storyboard;
			sourceTree = "<group>";
		};
		398B87B923940D2E007BE87F /* LaunchScreen.storyboard */ = {
			isa = PBXVariantGroup;
			children = (
				398B87BA23940D2E007BE87F /* Base */,
			);
			name = LaunchScreen.storyboard;
			sourceTree = "<group>";
		};
/* End PBXVariantGroup section */

/* Begin XCBuildConfiguration section */
		398B87D323940D2F007BE87F /* Debug */ = {
			isa = XCBuildConfiguration;
			buildSettings = {
				ALWAYS_SEARCH_USER_PATHS = NO;
				CLANG_ANALYZER_NONNULL = YES;
				CLANG_ANALYZER_NUMBER_OBJECT_CONVERSION = YES_AGGRESSIVE;
				CLANG_CXX_LANGUAGE_STANDARD = "gnu++14";
				CLANG_CXX_LIBRARY = "libc++";
				CLANG_ENABLE_MODULES = YES;
				CLANG_ENABLE_OBJC_ARC = YES;
				CLANG_ENABLE_OBJC_WEAK = YES;
				CLANG_WARN_BLOCK_CAPTURE_AUTORELEASING = YES;
				CLANG_WARN_BOOL_CONVERSION = YES;
				CLANG_WARN_COMMA = YES;
				CLANG_WARN_CONSTANT_CONVERSION = YES;
				CLANG_WARN_DEPRECATED_OBJC_IMPLEMENTATIONS = YES;
				CLANG_WARN_DIRECT_OBJC_ISA_USAGE = YES_ERROR;
				CLANG_WARN_DOCUMENTATION_COMMENTS = YES;
				CLANG_WARN_EMPTY_BODY = YES;
				CLANG_WARN_ENUM_CONVERSION = YES;
				CLANG_WARN_INFINITE_RECURSION = YES;
				CLANG_WARN_INT_CONVERSION = YES;
				CLANG_WARN_NON_LITERAL_NULL_CONVERSION = YES;
				CLANG_WARN_OBJC_IMPLICIT_RETAIN_SELF = YES;
				CLANG_WARN_OBJC_LITERAL_CONVERSION = YES;
				CLANG_WARN_OBJC_ROOT_CLASS = YES_ERROR;
				CLANG_WARN_RANGE_LOOP_ANALYSIS = YES;
				CLANG_WARN_STRICT_PROTOTYPES = YES;
				CLANG_WARN_SUSPICIOUS_MOVE = YES;
				CLANG_WARN_UNGUARDED_AVAILABILITY = YES_AGGRESSIVE;
				CLANG_WARN_UNREACHABLE_CODE = YES;
				CLANG_WARN__DUPLICATE_METHOD_MATCH = YES;
				COPY_PHASE_STRIP = NO;
				DEBUG_INFORMATION_FORMAT = dwarf;
				ENABLE_STRICT_OBJC_MSGSEND = YES;
				ENABLE_TESTABILITY = YES;
				GCC_C_LANGUAGE_STANDARD = gnu11;
				GCC_DYNAMIC_NO_PIC = NO;
				GCC_NO_COMMON_BLOCKS = YES;
				GCC_OPTIMIZATION_LEVEL = 0;
				GCC_PREPROCESSOR_DEFINITIONS = (
					"DEBUG=1",
					"$(inherited)",
				);
				GCC_WARN_64_TO_32_BIT_CONVERSION = YES;
				GCC_WARN_ABOUT_RETURN_TYPE = YES_ERROR;
				GCC_WARN_UNDECLARED_SELECTOR = YES;
				GCC_WARN_UNINITIALIZED_AUTOS = YES_AGGRESSIVE;
				GCC_WARN_UNUSED_FUNCTION = YES;
				GCC_WARN_UNUSED_VARIABLE = YES;
				IPHONEOS_DEPLOYMENT_TARGET = 13.2;
				MTL_ENABLE_DEBUG_INFO = INCLUDE_SOURCE;
				MTL_FAST_MATH = YES;
				ONLY_ACTIVE_ARCH = YES;
				SDKROOT = iphoneos;
				SWIFT_ACTIVE_COMPILATION_CONDITIONS = DEBUG;
				SWIFT_OPTIMIZATION_LEVEL = "-Onone";
			};
			name = Debug;
		};
		398B87D423940D2F007BE87F /* Release */ = {
			isa = XCBuildConfiguration;
			buildSettings = {
				ALWAYS_SEARCH_USER_PATHS = NO;
				CLANG_ANALYZER_NONNULL = YES;
				CLANG_ANALYZER_NUMBER_OBJECT_CONVERSION = YES_AGGRESSIVE;
				CLANG_CXX_LANGUAGE_STANDARD = "gnu++14";
				CLANG_CXX_LIBRARY = "libc++";
				CLANG_ENABLE_MODULES = YES;
				CLANG_ENABLE_OBJC_ARC = YES;
				CLANG_ENABLE_OBJC_WEAK = YES;
				CLANG_WARN_BLOCK_CAPTURE_AUTORELEASING = YES;
				CLANG_WARN_BOOL_CONVERSION = YES;
				CLANG_WARN_COMMA = YES;
				CLANG_WARN_CONSTANT_CONVERSION = YES;
				CLANG_WARN_DEPRECATED_OBJC_IMPLEMENTATIONS = YES;
				CLANG_WARN_DIRECT_OBJC_ISA_USAGE = YES_ERROR;
				CLANG_WARN_DOCUMENTATION_COMMENTS = YES;
				CLANG_WARN_EMPTY_BODY = YES;
				CLANG_WARN_ENUM_CONVERSION = YES;
				CLANG_WARN_INFINITE_RECURSION = YES;
				CLANG_WARN_INT_CONVERSION = YES;
				CLANG_WARN_NON_LITERAL_NULL_CONVERSION = YES;
				CLANG_WARN_OBJC_IMPLICIT_RETAIN_SELF = YES;
				CLANG_WARN_OBJC_LITERAL_CONVERSION = YES;
				CLANG_WARN_OBJC_ROOT_CLASS = YES_ERROR;
				CLANG_WARN_RANGE_LOOP_ANALYSIS = YES;
				CLANG_WARN_STRICT_PROTOTYPES = YES;
				CLANG_WARN_SUSPICIOUS_MOVE = YES;
				CLANG_WARN_UNGUARDED_AVAILABILITY = YES_AGGRESSIVE;
				CLANG_WARN_UNREACHABLE_CODE = YES;
				CLANG_WARN__DUPLICATE_METHOD_MATCH = YES;
				COPY_PHASE_STRIP = NO;
				DEBUG_INFORMATION_FORMAT = "dwarf-with-dsym";
				ENABLE_NS_ASSERTIONS = NO;
				ENABLE_STRICT_OBJC_MSGSEND = YES;
				GCC_C_LANGUAGE_STANDARD = gnu11;
				GCC_NO_COMMON_BLOCKS = YES;
				GCC_WARN_64_TO_32_BIT_CONVERSION = YES;
				GCC_WARN_ABOUT_RETURN_TYPE = YES_ERROR;
				GCC_WARN_UNDECLARED_SELECTOR = YES;
				GCC_WARN_UNINITIALIZED_AUTOS = YES_AGGRESSIVE;
				GCC_WARN_UNUSED_FUNCTION = YES;
				GCC_WARN_UNUSED_VARIABLE = YES;
				IPHONEOS_DEPLOYMENT_TARGET = 13.2;
				MTL_ENABLE_DEBUG_INFO = NO;
				MTL_FAST_MATH = YES;
				SDKROOT = iphoneos;
				SWIFT_COMPILATION_MODE = wholemodule;
				SWIFT_OPTIMIZATION_LEVEL = "-O";
				VALIDATE_PRODUCT = YES;
			};
			name = Release;
		};
		398B87D623940D2F007BE87F /* Debug */ = {
			isa = XCBuildConfiguration;
			buildSettings = {
				ASSETCATALOG_COMPILER_APPICON_NAME = AppIcon;
				CODE_SIGN_STYLE = Automatic;
				INFOPLIST_FILE = Calculator/Info.plist;
				LD_RUNPATH_SEARCH_PATHS = (
					"$(inherited)",
					"@executable_path/Frameworks",
				);
				PRODUCT_BUNDLE_IDENTIFIER = me.uptop.Calculator;
				PRODUCT_NAME = "$(TARGET_NAME)";
				SWIFT_VERSION = 5.0;
				TARGETED_DEVICE_FAMILY = "1,2";
			};
			name = Debug;
		};
		398B87D723940D2F007BE87F /* Release */ = {
			isa = XCBuildConfiguration;
			buildSettings = {
				ASSETCATALOG_COMPILER_APPICON_NAME = AppIcon;
				CODE_SIGN_STYLE = Automatic;
				INFOPLIST_FILE = Calculator/Info.plist;
				LD_RUNPATH_SEARCH_PATHS = (
					"$(inherited)",
					"@executable_path/Frameworks",
				);
				PRODUCT_BUNDLE_IDENTIFIER = me.uptop.Calculator;
				PRODUCT_NAME = "$(TARGET_NAME)";
				SWIFT_VERSION = 5.0;
				TARGETED_DEVICE_FAMILY = "1,2";
			};
			name = Release;
		};
		398B87D923940D2F007BE87F /* Debug */ = {
			isa = XCBuildConfiguration;
			buildSettings = {
				ALWAYS_EMBED_SWIFT_STANDARD_LIBRARIES = YES;
				BUNDLE_LOADER = "$(TEST_HOST)";
				CODE_SIGN_STYLE = Automatic;
				INFOPLIST_FILE = CalculatorTests/Info.plist;
				IPHONEOS_DEPLOYMENT_TARGET = 13.2;
				LD_RUNPATH_SEARCH_PATHS = (
					"$(inherited)",
					"@executable_path/Frameworks",
					"@loader_path/Frameworks",
				);
				PRODUCT_BUNDLE_IDENTIFIER = me.uptop.CalculatorTests;
				PRODUCT_NAME = "$(TARGET_NAME)";
				SWIFT_VERSION = 5.0;
				TARGETED_DEVICE_FAMILY = "1,2";
				TEST_HOST = "$(BUILT_PRODUCTS_DIR)/Calculator.app/Calculator";
			};
			name = Debug;
		};
		398B87DA23940D2F007BE87F /* Release */ = {
			isa = XCBuildConfiguration;
			buildSettings = {
				ALWAYS_EMBED_SWIFT_STANDARD_LIBRARIES = YES;
				BUNDLE_LOADER = "$(TEST_HOST)";
				CODE_SIGN_STYLE = Automatic;
				INFOPLIST_FILE = CalculatorTests/Info.plist;
				IPHONEOS_DEPLOYMENT_TARGET = 13.2;
				LD_RUNPATH_SEARCH_PATHS = (
					"$(inherited)",
					"@executable_path/Frameworks",
					"@loader_path/Frameworks",
				);
				PRODUCT_BUNDLE_IDENTIFIER = me.uptop.CalculatorTests;
				PRODUCT_NAME = "$(TARGET_NAME)";
				SWIFT_VERSION = 5.0;
				TARGETED_DEVICE_FAMILY = "1,2";
				TEST_HOST = "$(BUILT_PRODUCTS_DIR)/Calculator.app/Calculator";
			};
			name = Release;
		};
		398B87DC23940D2F007BE87F /* Debug */ = {
			isa = XCBuildConfiguration;
			buildSettings = {
				ALWAYS_EMBED_SWIFT_STANDARD_LIBRARIES = YES;
				CODE_SIGN_STYLE = Automatic;
				INFOPLIST_FILE = CalculatorUITests/Info.plist;
				LD_RUNPATH_SEARCH_PATHS = (
					"$(inherited)",
					"@executable_path/Frameworks",
					"@loader_path/Frameworks",
				);
				PRODUCT_BUNDLE_IDENTIFIER = me.uptop.CalculatorUITests;
				PRODUCT_NAME = "$(TARGET_NAME)";
				SWIFT_VERSION = 5.0;
				TARGETED_DEVICE_FAMILY = "1,2";
				TEST_TARGET_NAME = Calculator;
			};
			name = Debug;
		};
		398B87DD23940D2F007BE87F /* Release */ = {
			isa = XCBuildConfiguration;
			buildSettings = {
				ALWAYS_EMBED_SWIFT_STANDARD_LIBRARIES = YES;
				CODE_SIGN_STYLE = Automatic;
				INFOPLIST_FILE = CalculatorUITests/Info.plist;
				LD_RUNPATH_SEARCH_PATHS = (
					"$(inherited)",
					"@executable_path/Frameworks",
					"@loader_path/Frameworks",
				);
				PRODUCT_BUNDLE_IDENTIFIER = me.uptop.CalculatorUITests;
				PRODUCT_NAME = "$(TARGET_NAME)";
				SWIFT_VERSION = 5.0;
				TARGETED_DEVICE_FAMILY = "1,2";
				TEST_TARGET_NAME = Calculator;
			};
			name = Release;
		};
/* End XCBuildConfiguration section */

/* Begin XCConfigurationList section */
		398B87A623940D2B007BE87F /* Build configuration list for PBXProject "Calculator" */ = {
			isa = XCConfigurationList;
			buildConfigurations = (
				398B87D323940D2F007BE87F /* Debug */,
				398B87D423940D2F007BE87F /* Release */,
			);
			defaultConfigurationIsVisible = 0;
			defaultConfigurationName = Release;
		};
		398B87D523940D2F007BE87F /* Build configuration list for PBXNativeTarget "Calculator" */ = {
			isa = XCConfigurationList;
			buildConfigurations = (
				398B87D623940D2F007BE87F /* Debug */,
				398B87D723940D2F007BE87F /* Release */,
			);
			defaultConfigurationIsVisible = 0;
			defaultConfigurationName = Release;
		};
		398B87D823940D2F007BE87F /* Build configuration list for PBXNativeTarget "CalculatorTests" */ = {
			isa = XCConfigurationList;
			buildConfigurations = (
				398B87D923940D2F007BE87F /* Debug */,
				398B87DA23940D2F007BE87F /* Release */,
			);
			defaultConfigurationIsVisible = 0;
			defaultConfigurationName = Release;
		};
		398B87DB23940D2F007BE87F /* Build configuration list for PBXNativeTarget "CalculatorUITests" */ = {
			isa = XCConfigurationList;
			buildConfigurations = (
				398B87DC23940D2F007BE87F /* Debug */,
				398B87DD23940D2F007BE87F /* Release */,
			);
			defaultConfigurationIsVisible = 0;
			defaultConfigurationName = Release;
		};
/* End XCConfigurationList section */
	};
	rootObject = 398B87A323940D2B007BE87F /* Project object */;
}
